// !$*UTF8*$!
{
	archiveVersion = 1;
	classes = {
	};
	objectVersion = 56;
	objects = {

/* Begin PBXBuildFile section */
		A445FF832BFE5D120035CF6E /* DepressionProjectAppApp.swift in Sources */ = {isa = PBXBuildFile; fileRef = A445FF822BFE5D120035CF6E /* DepressionProjectAppApp.swift */; };
		A445FF852BFE5D120035CF6E /* ContentView.swift in Sources */ = {isa = PBXBuildFile; fileRef = A445FF842BFE5D120035CF6E /* ContentView.swift */; };
		A445FF872BFE5D130035CF6E /* Assets.xcassets in Resources */ = {isa = PBXBuildFile; fileRef = A445FF862BFE5D130035CF6E /* Assets.xcassets */; };
		A445FF8A2BFE5D130035CF6E /* Preview Assets.xcassets in Resources */ = {isa = PBXBuildFile; fileRef = A445FF892BFE5D130035CF6E /* Preview Assets.xcassets */; };
		A445FF8C2BFE5D130035CF6E /* Persistence.swift in Sources */ = {isa = PBXBuildFile; fileRef = A445FF8B2BFE5D130035CF6E /* Persistence.swift */; };
		A445FF8F2BFE5D130035CF6E /* DepressionProjectApp.xcdatamodeld in Sources */ = {isa = PBXBuildFile; fileRef = A445FF8D2BFE5D130035CF6E /* DepressionProjectApp.xcdatamodeld */; };
		A445FF992BFE5D130035CF6E /* DepressionProjectAppTests.swift in Sources */ = {isa = PBXBuildFile; fileRef = A445FF982BFE5D130035CF6E /* DepressionProjectAppTests.swift */; };
		A445FFA32BFE5D130035CF6E /* DepressionProjectAppUITests.swift in Sources */ = {isa = PBXBuildFile; fileRef = A445FFA22BFE5D130035CF6E /* DepressionProjectAppUITests.swift */; };
		A445FFA52BFE5D130035CF6E /* DepressionProjectAppUITestsLaunchTests.swift in Sources */ = {isa = PBXBuildFile; fileRef = A445FFA42BFE5D130035CF6E /* DepressionProjectAppUITestsLaunchTests.swift */; };
		A4C004252BFEF2EA003A344B /* ChattingView.swift in Sources */ = {isa = PBXBuildFile; fileRef = A4C004242BFEF2EA003A344B /* ChattingView.swift */; };
/* End PBXBuildFile section */

/* Begin PBXContainerItemProxy section */
		A445FF952BFE5D130035CF6E /* PBXContainerItemProxy */ = {
			isa = PBXContainerItemProxy;
			containerPortal = A445FF772BFE5D120035CF6E /* Project object */;
			proxyType = 1;
			remoteGlobalIDString = A445FF7E2BFE5D120035CF6E;
			remoteInfo = DepressionProjectApp;
		};
		A445FF9F2BFE5D130035CF6E /* PBXContainerItemProxy */ = {
			isa = PBXContainerItemProxy;
			containerPortal = A445FF772BFE5D120035CF6E /* Project object */;
			proxyType = 1;
			remoteGlobalIDString = A445FF7E2BFE5D120035CF6E;
			remoteInfo = DepressionProjectApp;
		};
/* End PBXContainerItemProxy section */

/* Begin PBXFileReference section */
		A445FF7F2BFE5D120035CF6E /* DepressionProjectApp.app */ = {isa = PBXFileReference; explicitFileType = wrapper.application; includeInIndex = 0; path = DepressionProjectApp.app; sourceTree = BUILT_PRODUCTS_DIR; };
		A445FF822BFE5D120035CF6E /* DepressionProjectAppApp.swift */ = {isa = PBXFileReference; lastKnownFileType = sourcecode.swift; path = DepressionProjectAppApp.swift; sourceTree = "<group>"; };
		A445FF842BFE5D120035CF6E /* ContentView.swift */ = {isa = PBXFileReference; lastKnownFileType = sourcecode.swift; path = ContentView.swift; sourceTree = "<group>"; };
		A445FF862BFE5D130035CF6E /* Assets.xcassets */ = {isa = PBXFileReference; lastKnownFileType = folder.assetcatalog; path = Assets.xcassets; sourceTree = "<group>"; };
		A445FF892BFE5D130035CF6E /* Preview Assets.xcassets */ = {isa = PBXFileReference; lastKnownFileType = folder.assetcatalog; path = "Preview Assets.xcassets"; sourceTree = "<group>"; };
		A445FF8B2BFE5D130035CF6E /* Persistence.swift */ = {isa = PBXFileReference; lastKnownFileType = sourcecode.swift; path = Persistence.swift; sourceTree = "<group>"; };
		A445FF8E2BFE5D130035CF6E /* DepressionProjectApp.xcdatamodel */ = {isa = PBXFileReference; lastKnownFileType = wrapper.xcdatamodel; path = DepressionProjectApp.xcdatamodel; sourceTree = "<group>"; };
		A445FF942BFE5D130035CF6E /* DepressionProjectAppTests.xctest */ = {isa = PBXFileReference; explicitFileType = wrapper.cfbundle; includeInIndex = 0; path = DepressionProjectAppTests.xctest; sourceTree = BUILT_PRODUCTS_DIR; };
		A445FF982BFE5D130035CF6E /* DepressionProjectAppTests.swift */ = {isa = PBXFileReference; lastKnownFileType = sourcecode.swift; path = DepressionProjectAppTests.swift; sourceTree = "<group>"; };
		A445FF9E2BFE5D130035CF6E /* DepressionProjectAppUITests.xctest */ = {isa = PBXFileReference; explicitFileType = wrapper.cfbundle; includeInIndex = 0; path = DepressionProjectAppUITests.xctest; sourceTree = BUILT_PRODUCTS_DIR; };
		A445FFA22BFE5D130035CF6E /* DepressionProjectAppUITests.swift */ = {isa = PBXFileReference; lastKnownFileType = sourcecode.swift; path = DepressionProjectAppUITests.swift; sourceTree = "<group>"; };
		A445FFA42BFE5D130035CF6E /* DepressionProjectAppUITestsLaunchTests.swift */ = {isa = PBXFileReference; lastKnownFileType = sourcecode.swift; path = DepressionProjectAppUITestsLaunchTests.swift; sourceTree = "<group>"; };
		A4C004242BFEF2EA003A344B /* ChattingView.swift */ = {isa = PBXFileReference; lastKnownFileType = sourcecode.swift; path = ChattingView.swift; sourceTree = "<group>"; };
/* End PBXFileReference section */

/* Begin PBXFrameworksBuildPhase section */
		A445FF7C2BFE5D120035CF6E /* Frameworks */ = {
			isa = PBXFrameworksBuildPhase;
			buildActionMask = 2147483647;
			files = (
			);
			runOnlyForDeploymentPostprocessing = 0;
		};
		A445FF912BFE5D130035CF6E /* Frameworks */ = {
			isa = PBXFrameworksBuildPhase;
			buildActionMask = 2147483647;
			files = (
			);
			runOnlyForDeploymentPostprocessing = 0;
		};
		A445FF9B2BFE5D130035CF6E /* Frameworks */ = {
			isa = PBXFrameworksBuildPhase;
			buildActionMask = 2147483647;
			files = (
			);
			runOnlyForDeploymentPostprocessing = 0;
		};
/* End PBXFrameworksBuildPhase section */

/* Begin PBXGroup section */
		A445FF762BFE5D120035CF6E = {
			isa = PBXGroup;
			children = (
				A445FF812BFE5D120035CF6E /* DepressionProjectApp */,
				A445FF972BFE5D130035CF6E /* DepressionProjectAppTests */,
				A445FFA12BFE5D130035CF6E /* DepressionProjectAppUITests */,
				A445FF802BFE5D120035CF6E /* Products */,
			);
			sourceTree = "<group>";
		};
		A445FF802BFE5D120035CF6E /* Products */ = {
			isa = PBXGroup;
			children = (
				A445FF7F2BFE5D120035CF6E /* DepressionProjectApp.app */,
				A445FF942BFE5D130035CF6E /* DepressionProjectAppTests.xctest */,
				A445FF9E2BFE5D130035CF6E /* DepressionProjectAppUITests.xctest */,
			);
			name = Products;
			sourceTree = "<group>";
		};
		A445FF812BFE5D120035CF6E /* DepressionProjectApp */ = {
			isa = PBXGroup;
			children = (
				A445FF822BFE5D120035CF6E /* DepressionProjectAppApp.swift */,
				A445FF842BFE5D120035CF6E /* ContentView.swift */,
				A4C004242BFEF2EA003A344B /* ChattingView.swift */,
				A445FF862BFE5D130035CF6E /* Assets.xcassets */,
				A445FF8B2BFE5D130035CF6E /* Persistence.swift */,
				A445FF8D2BFE5D130035CF6E /* DepressionProjectApp.xcdatamodeld */,
				A445FF882BFE5D130035CF6E /* Preview Content */,
			);
			path = DepressionProjectApp;
			sourceTree = "<group>";
		};
		A445FF882BFE5D130035CF6E /* Preview Content */ = {
			isa = PBXGroup;
			children = (
				A445FF892BFE5D130035CF6E /* Preview Assets.xcassets */,
			);
			path = "Preview Content";
			sourceTree = "<group>";
		};
		A445FF972BFE5D130035CF6E /* DepressionProjectAppTests */ = {
			isa = PBXGroup;
			children = (
				A445FF982BFE5D130035CF6E /* DepressionProjectAppTests.swift */,
			);
			path = DepressionProjectAppTests;
			sourceTree = "<group>";
		};
		A445FFA12BFE5D130035CF6E /* DepressionProjectAppUITests */ = {
			isa = PBXGroup;
			children = (
				A445FFA22BFE5D130035CF6E /* DepressionProjectAppUITests.swift */,
				A445FFA42BFE5D130035CF6E /* DepressionProjectAppUITestsLaunchTests.swift */,
			);
			path = DepressionProjectAppUITests;
			sourceTree = "<group>";
		};
/* End PBXGroup section */

/* Begin PBXNativeTarget section */
		A445FF7E2BFE5D120035CF6E /* DepressionProjectApp */ = {
			isa = PBXNativeTarget;
			buildConfigurationList = A445FFA82BFE5D130035CF6E /* Build configuration list for PBXNativeTarget "DepressionProjectApp" */;
			buildPhases = (
				A445FF7B2BFE5D120035CF6E /* Sources */,
				A445FF7C2BFE5D120035CF6E /* Frameworks */,
				A445FF7D2BFE5D120035CF6E /* Resources */,
			);
			buildRules = (
			);
			dependencies = (
			);
			name = DepressionProjectApp;
			productName = DepressionProjectApp;
			productReference = A445FF7F2BFE5D120035CF6E /* DepressionProjectApp.app */;
			productType = "com.apple.product-type.application";
		};
		A445FF932BFE5D130035CF6E /* DepressionProjectAppTests */ = {
			isa = PBXNativeTarget;
			buildConfigurationList = A445FFAB2BFE5D130035CF6E /* Build configuration list for PBXNativeTarget "DepressionProjectAppTests" */;
			buildPhases = (
				A445FF902BFE5D130035CF6E /* Sources */,
				A445FF912BFE5D130035CF6E /* Frameworks */,
				A445FF922BFE5D130035CF6E /* Resources */,
			);
			buildRules = (
			);
			dependencies = (
				A445FF962BFE5D130035CF6E /* PBXTargetDependency */,
			);
			name = DepressionProjectAppTests;
			productName = DepressionProjectAppTests;
			productReference = A445FF942BFE5D130035CF6E /* DepressionProjectAppTests.xctest */;
			productType = "com.apple.product-type.bundle.unit-test";
		};
		A445FF9D2BFE5D130035CF6E /* DepressionProjectAppUITests */ = {
			isa = PBXNativeTarget;
			buildConfigurationList = A445FFAE2BFE5D130035CF6E /* Build configuration list for PBXNativeTarget "DepressionProjectAppUITests" */;
			buildPhases = (
				A445FF9A2BFE5D130035CF6E /* Sources */,
				A445FF9B2BFE5D130035CF6E /* Frameworks */,
				A445FF9C2BFE5D130035CF6E /* Resources */,
			);
			buildRules = (
			);
			dependencies = (
				A445FFA02BFE5D130035CF6E /* PBXTargetDependency */,
			);
			name = DepressionProjectAppUITests;
			productName = DepressionProjectAppUITests;
			productReference = A445FF9E2BFE5D130035CF6E /* DepressionProjectAppUITests.xctest */;
			productType = "com.apple.product-type.bundle.ui-testing";
		};
/* End PBXNativeTarget section */

/* Begin PBXProject section */
		A445FF772BFE5D120035CF6E /* Project object */ = {
			isa = PBXProject;
			attributes = {
				BuildIndependentTargetsInParallel = 1;
				LastSwiftUpdateCheck = 1420;
				LastUpgradeCheck = 1420;
				TargetAttributes = {
					A445FF7E2BFE5D120035CF6E = {
						CreatedOnToolsVersion = 14.2;
					};
					A445FF932BFE5D130035CF6E = {
						CreatedOnToolsVersion = 14.2;
						TestTargetID = A445FF7E2BFE5D120035CF6E;
					};
					A445FF9D2BFE5D130035CF6E = {
						CreatedOnToolsVersion = 14.2;
						TestTargetID = A445FF7E2BFE5D120035CF6E;
					};
				};
			};
			buildConfigurationList = A445FF7A2BFE5D120035CF6E /* Build configuration list for PBXProject "DepressionProjectApp" */;
			compatibilityVersion = "Xcode 14.0";
			developmentRegion = en;
			hasScannedForEncodings = 0;
			knownRegions = (
				en,
				Base,
			);
			mainGroup = A445FF762BFE5D120035CF6E;
			productRefGroup = A445FF802BFE5D120035CF6E /* Products */;
			projectDirPath = "";
			projectRoot = "";
			targets = (
				A445FF7E2BFE5D120035CF6E /* DepressionProjectApp */,
				A445FF932BFE5D130035CF6E /* DepressionProjectAppTests */,
				A445FF9D2BFE5D130035CF6E /* DepressionProjectAppUITests */,
			);
		};
/* End PBXProject section */

/* Begin PBXResourcesBuildPhase section */
		A445FF7D2BFE5D120035CF6E /* Resources */ = {
			isa = PBXResourcesBuildPhase;
			buildActionMask = 2147483647;
			files = (
				A445FF8A2BFE5D130035CF6E /* Preview Assets.xcassets in Resources */,
				A445FF872BFE5D130035CF6E /* Assets.xcassets in Resources */,
			);
			runOnlyForDeploymentPostprocessing = 0;
		};
		A445FF922BFE5D130035CF6E /* Resources */ = {
			isa = PBXResourcesBuildPhase;
			buildActionMask = 2147483647;
			files = (
			);
			runOnlyForDeploymentPostprocessing = 0;
		};
		A445FF9C2BFE5D130035CF6E /* Resources */ = {
			isa = PBXResourcesBuildPhase;
			buildActionMask = 2147483647;
			files = (
			);
			runOnlyForDeploymentPostprocessing = 0;
		};
/* End PBXResourcesBuildPhase section */

/* Begin PBXSourcesBuildPhase section */
		A445FF7B2BFE5D120035CF6E /* Sources */ = {
			isa = PBXSourcesBuildPhase;
			buildActionMask = 2147483647;
			files = (
				A445FF8C2BFE5D130035CF6E /* Persistence.swift in Sources */,
				A4C004252BFEF2EA003A344B /* ChattingView.swift in Sources */,
				A445FF852BFE5D120035CF6E /* ContentView.swift in Sources */,
				A445FF832BFE5D120035CF6E /* DepressionProjectAppApp.swift in Sources */,
				A445FF8F2BFE5D130035CF6E /* DepressionProjectApp.xcdatamodeld in Sources */,
			);
			runOnlyForDeploymentPostprocessing = 0;
		};
		A445FF902BFE5D130035CF6E /* Sources */ = {
			isa = PBXSourcesBuildPhase;
			buildActionMask = 2147483647;
			files = (
				A445FF992BFE5D130035CF6E /* DepressionProjectAppTests.swift in Sources */,
			);
			runOnlyForDeploymentPostprocessing = 0;
		};
		A445FF9A2BFE5D130035CF6E /* Sources */ = {
			isa = PBXSourcesBuildPhase;
			buildActionMask = 2147483647;
			files = (
				A445FFA52BFE5D130035CF6E /* DepressionProjectAppUITestsLaunchTests.swift in Sources */,
				A445FFA32BFE5D130035CF6E /* DepressionProjectAppUITests.swift in Sources */,
			);
			runOnlyForDeploymentPostprocessing = 0;
		};
/* End PBXSourcesBuildPhase section */

/* Begin PBXTargetDependency section */
		A445FF962BFE5D130035CF6E /* PBXTargetDependency */ = {
			isa = PBXTargetDependency;
			target = A445FF7E2BFE5D120035CF6E /* DepressionProjectApp */;
			targetProxy = A445FF952BFE5D130035CF6E /* PBXContainerItemProxy */;
		};
		A445FFA02BFE5D130035CF6E /* PBXTargetDependency */ = {
			isa = PBXTargetDependency;
			target = A445FF7E2BFE5D120035CF6E /* DepressionProjectApp */;
			targetProxy = A445FF9F2BFE5D130035CF6E /* PBXContainerItemProxy */;
		};
/* End PBXTargetDependency section */

/* Begin XCBuildConfiguration section */
		A445FFA62BFE5D130035CF6E /* Debug */ = {
			isa = XCBuildConfiguration;
			buildSettings = {
				ALWAYS_SEARCH_USER_PATHS = NO;
				CLANG_ANALYZER_NONNULL = YES;
				CLANG_ANALYZER_NUMBER_OBJECT_CONVERSION = YES_AGGRESSIVE;
				CLANG_CXX_LANGUAGE_STANDARD = "gnu++20";
				CLANG_ENABLE_MODULES = YES;
				CLANG_ENABLE_OBJC_ARC = YES;
				CLANG_ENABLE_OBJC_WEAK = YES;
				CLANG_WARN_BLOCK_CAPTURE_AUTORELEASING = YES;
				CLANG_WARN_BOOL_CONVERSION = YES;
				CLANG_WARN_COMMA = YES;
				CLANG_WARN_CONSTANT_CONVERSION = YES;
				CLANG_WARN_DEPRECATED_OBJC_IMPLEMENTATIONS = YES;
				CLANG_WARN_DIRECT_OBJC_ISA_USAGE = YES_ERROR;
				CLANG_WARN_DOCUMENTATION_COMMENTS = YES;
				CLANG_WARN_EMPTY_BODY = YES;
				CLANG_WARN_ENUM_CONVERSION = YES;
				CLANG_WARN_INFINITE_RECURSION = YES;
				CLANG_WARN_INT_CONVERSION = YES;
				CLANG_WARN_NON_LITERAL_NULL_CONVERSION = YES;
				CLANG_WARN_OBJC_IMPLICIT_RETAIN_SELF = YES;
				CLANG_WARN_OBJC_LITERAL_CONVERSION = YES;
				CLANG_WARN_OBJC_ROOT_CLASS = YES_ERROR;
				CLANG_WARN_QUOTED_INCLUDE_IN_FRAMEWORK_HEADER = YES;
				CLANG_WARN_RANGE_LOOP_ANALYSIS = YES;
				CLANG_WARN_STRICT_PROTOTYPES = YES;
				CLANG_WARN_SUSPICIOUS_MOVE = YES;
				CLANG_WARN_UNGUARDED_AVAILABILITY = YES_AGGRESSIVE;
				CLANG_WARN_UNREACHABLE_CODE = YES;
				CLANG_WARN__DUPLICATE_METHOD_MATCH = YES;
				COPY_PHASE_STRIP = NO;
				DEBUG_INFORMATION_FORMAT = dwarf;
				ENABLE_STRICT_OBJC_MSGSEND = YES;
				ENABLE_TESTABILITY = YES;
				GCC_C_LANGUAGE_STANDARD = gnu11;
				GCC_DYNAMIC_NO_PIC = NO;
				GCC_NO_COMMON_BLOCKS = YES;
				GCC_OPTIMIZATION_LEVEL = 0;
				GCC_PREPROCESSOR_DEFINITIONS = (
					"DEBUG=1",
					"$(inherited)",
				);
				GCC_WARN_64_TO_32_BIT_CONVERSION = YES;
				GCC_WARN_ABOUT_RETURN_TYPE = YES_ERROR;
				GCC_WARN_UNDECLARED_SELECTOR = YES;
				GCC_WARN_UNINITIALIZED_AUTOS = YES_AGGRESSIVE;
				GCC_WARN_UNUSED_FUNCTION = YES;
				GCC_WARN_UNUSED_VARIABLE = YES;
				IPHONEOS_DEPLOYMENT_TARGET = 16.2;
				MTL_ENABLE_DEBUG_INFO = INCLUDE_SOURCE;
				MTL_FAST_MATH = YES;
				ONLY_ACTIVE_ARCH = YES;
				SDKROOT = iphoneos;
				SWIFT_ACTIVE_COMPILATION_CONDITIONS = DEBUG;
				SWIFT_OPTIMIZATION_LEVEL = "-Onone";
			};
			name = Debug;
		};
		A445FFA72BFE5D130035CF6E /* Release */ = {
			isa = XCBuildConfiguration;
			buildSettings = {
				ALWAYS_SEARCH_USER_PATHS = NO;
				CLANG_ANALYZER_NONNULL = YES;
				CLANG_ANALYZER_NUMBER_OBJECT_CONVERSION = YES_AGGRESSIVE;
				CLANG_CXX_LANGUAGE_STANDARD = "gnu++20";
				CLANG_ENABLE_MODULES = YES;
				CLANG_ENABLE_OBJC_ARC = YES;
				CLANG_ENABLE_OBJC_WEAK = YES;
				CLANG_WARN_BLOCK_CAPTURE_AUTORELEASING = YES;
				CLANG_WARN_BOOL_CONVERSION = YES;
				CLANG_WARN_COMMA = YES;
				CLANG_WARN_CONSTANT_CONVERSION = YES;
				CLANG_WARN_DEPRECATED_OBJC_IMPLEMENTATIONS = YES;
				CLANG_WARN_DIRECT_OBJC_ISA_USAGE = YES_ERROR;
				CLANG_WARN_DOCUMENTATION_COMMENTS = YES;
				CLANG_WARN_EMPTY_BODY = YES;
				CLANG_WARN_ENUM_CONVERSION = YES;
				CLANG_WARN_INFINITE_RECURSION = YES;
				CLANG_WARN_INT_CONVERSION = YES;
				CLANG_WARN_NON_LITERAL_NULL_CONVERSION = YES;
				CLANG_WARN_OBJC_IMPLICIT_RETAIN_SELF = YES;
				CLANG_WARN_OBJC_LITERAL_CONVERSION = YES;
				CLANG_WARN_OBJC_ROOT_CLASS = YES_ERROR;
				CLANG_WARN_QUOTED_INCLUDE_IN_FRAMEWORK_HEADER = YES;
				CLANG_WARN_RANGE_LOOP_ANALYSIS = YES;
				CLANG_WARN_STRICT_PROTOTYPES = YES;
				CLANG_WARN_SUSPICIOUS_MOVE = YES;
				CLANG_WARN_UNGUARDED_AVAILABILITY = YES_AGGRESSIVE;
				CLANG_WARN_UNREACHABLE_CODE = YES;
				CLANG_WARN__DUPLICATE_METHOD_MATCH = YES;
				COPY_PHASE_STRIP = NO;
				DEBUG_INFORMATION_FORMAT = "dwarf-with-dsym";
				ENABLE_NS_ASSERTIONS = NO;
				ENABLE_STRICT_OBJC_MSGSEND = YES;
				GCC_C_LANGUAGE_STANDARD = gnu11;
				GCC_NO_COMMON_BLOCKS = YES;
				GCC_WARN_64_TO_32_BIT_CONVERSION = YES;
				GCC_WARN_ABOUT_RETURN_TYPE = YES_ERROR;
				GCC_WARN_UNDECLARED_SELECTOR = YES;
				GCC_WARN_UNINITIALIZED_AUTOS = YES_AGGRESSIVE;
				GCC_WARN_UNUSED_FUNCTION = YES;
				GCC_WARN_UNUSED_VARIABLE = YES;
				IPHONEOS_DEPLOYMENT_TARGET = 16.2;
				MTL_ENABLE_DEBUG_INFO = NO;
				MTL_FAST_MATH = YES;
				SDKROOT = iphoneos;
				SWIFT_COMPILATION_MODE = wholemodule;
				SWIFT_OPTIMIZATION_LEVEL = "-O";
				VALIDATE_PRODUCT = YES;
			};
			name = Release;
		};
		A445FFA92BFE5D130035CF6E /* Debug */ = {
			isa = XCBuildConfiguration;
			buildSettings = {
				ASSETCATALOG_COMPILER_APPICON_NAME = AppIcon;
				ASSETCATALOG_COMPILER_GLOBAL_ACCENT_COLOR_NAME = AccentColor;
				CODE_SIGN_STYLE = Automatic;
				CURRENT_PROJECT_VERSION = 1;
				DEVELOPMENT_ASSET_PATHS = "\"DepressionProjectApp/Preview Content\"";
				ENABLE_PREVIEWS = YES;
				GENERATE_INFOPLIST_FILE = YES;
				INFOPLIST_KEY_UIApplicationSceneManifest_Generation = YES;
				INFOPLIST_KEY_UIApplicationSupportsIndirectInputEvents = YES;
				INFOPLIST_KEY_UILaunchScreen_Generation = YES;
				INFOPLIST_KEY_UISupportedInterfaceOrientations_iPad = "UIInterfaceOrientationPortrait UIInterfaceOrientationPortraitUpsideDown UIInterfaceOrientationLandscapeLeft UIInterfaceOrientationLandscapeRight";
				INFOPLIST_KEY_UISupportedInterfaceOrientations_iPhone = "UIInterfaceOrientationPortrait UIInterfaceOrientationLandscapeLeft UIInterfaceOrientationLandscapeRight";
				LD_RUNPATH_SEARCH_PATHS = (
					"$(inherited)",
					"@executable_path/Frameworks",
				);
				MARKETING_VERSION = 1.0;
				PRODUCT_BUNDLE_IDENTIFIER = HANSEOL.DepressionProjectApp;
				PRODUCT_NAME = "$(TARGET_NAME)";
				SWIFT_EMIT_LOC_STRINGS = YES;
				SWIFT_VERSION = 5.0;
				TARGETED_DEVICE_FAMILY = "1,2";
			};
			name = Debug;
		};
		A445FFAA2BFE5D130035CF6E /* Release */ = {
			isa = XCBuildConfiguration;
			buildSettings = {
				ASSETCATALOG_COMPILER_APPICON_NAME = AppIcon;
				ASSETCATALOG_COMPILER_GLOBAL_ACCENT_COLOR_NAME = AccentColor;
				CODE_SIGN_STYLE = Automatic;
				CURRENT_PROJECT_VERSION = 1;
				DEVELOPMENT_ASSET_PATHS = "\"DepressionProjectApp/Preview Content\"";
				ENABLE_PREVIEWS = YES;
				GENERATE_INFOPLIST_FILE = YES;
				INFOPLIST_KEY_UIApplicationSceneManifest_Generation = YES;
				INFOPLIST_KEY_UIApplicationSupportsIndirectInputEvents = YES;
				INFOPLIST_KEY_UILaunchScreen_Generation = YES;
				INFOPLIST_KEY_UISupportedInterfaceOrientations_iPad = "UIInterfaceOrientationPortrait UIInterfaceOrientationPortraitUpsideDown UIInterfaceOrientationLandscapeLeft UIInterfaceOrientationLandscapeRight";
				INFOPLIST_KEY_UISupportedInterfaceOrientations_iPhone = "UIInterfaceOrientationPortrait UIInterfaceOrientationLandscapeLeft UIInterfaceOrientationLandscapeRight";
				LD_RUNPATH_SEARCH_PATHS = (
					"$(inherited)",
					"@executable_path/Frameworks",
				);
				MARKETING_VERSION = 1.0;
				PRODUCT_BUNDLE_IDENTIFIER = HANSEOL.DepressionProjectApp;
				PRODUCT_NAME = "$(TARGET_NAME)";
				SWIFT_EMIT_LOC_STRINGS = YES;
				SWIFT_VERSION = 5.0;
				TARGETED_DEVICE_FAMILY = "1,2";
			};
			name = Release;
		};
		A445FFAC2BFE5D130035CF6E /* Debug */ = {
			isa = XCBuildConfiguration;
			buildSettings = {
				ALWAYS_EMBED_SWIFT_STANDARD_LIBRARIES = YES;
				BUNDLE_LOADER = "$(TEST_HOST)";
				CODE_SIGN_STYLE = Automatic;
				CURRENT_PROJECT_VERSION = 1;
				GENERATE_INFOPLIST_FILE = YES;
				IPHONEOS_DEPLOYMENT_TARGET = 16.2;
				MARKETING_VERSION = 1.0;
				PRODUCT_BUNDLE_IDENTIFIER = HANSEOL.DepressionProjectAppTests;
				PRODUCT_NAME = "$(TARGET_NAME)";
				SWIFT_EMIT_LOC_STRINGS = NO;
				SWIFT_VERSION = 5.0;
				TARGETED_DEVICE_FAMILY = "1,2";
				TEST_HOST = "$(BUILT_PRODUCTS_DIR)/DepressionProjectApp.app/$(BUNDLE_EXECUTABLE_FOLDER_PATH)/DepressionProjectApp";
			};
			name = Debug;
		};
		A445FFAD2BFE5D130035CF6E /* Release */ = {
			isa = XCBuildConfiguration;
			buildSettings = {
				ALWAYS_EMBED_SWIFT_STANDARD_LIBRARIES = YES;
				BUNDLE_LOADER = "$(TEST_HOST)";
				CODE_SIGN_STYLE = Automatic;
				CURRENT_PROJECT_VERSION = 1;
				GENERATE_INFOPLIST_FILE = YES;
				IPHONEOS_DEPLOYMENT_TARGET = 16.2;
				MARKETING_VERSION = 1.0;
				PRODUCT_BUNDLE_IDENTIFIER = HANSEOL.DepressionProjectAppTests;
				PRODUCT_NAME = "$(TARGET_NAME)";
				SWIFT_EMIT_LOC_STRINGS = NO;
				SWIFT_VERSION = 5.0;
				TARGETED_DEVICE_FAMILY = "1,2";
				TEST_HOST = "$(BUILT_PRODUCTS_DIR)/DepressionProjectApp.app/$(BUNDLE_EXECUTABLE_FOLDER_PATH)/DepressionProjectApp";
			};
			name = Release;
		};
		A445FFAF2BFE5D130035CF6E /* Debug */ = {
			isa = XCBuildConfiguration;
			buildSettings = {
				ALWAYS_EMBED_SWIFT_STANDARD_LIBRARIES = YES;
				CODE_SIGN_STYLE = Automatic;
				CURRENT_PROJECT_VERSION = 1;
				GENERATE_INFOPLIST_FILE = YES;
				MARKETING_VERSION = 1.0;
				PRODUCT_BUNDLE_IDENTIFIER = HANSEOL.DepressionProjectAppUITests;
				PRODUCT_NAME = "$(TARGET_NAME)";
				SWIFT_EMIT_LOC_STRINGS = NO;
				SWIFT_VERSION = 5.0;
				TARGETED_DEVICE_FAMILY = "1,2";
				TEST_TARGET_NAME = DepressionProjectApp;
			};
			name = Debug;
		};
		A445FFB02BFE5D130035CF6E /* Release */ = {
			isa = XCBuildConfiguration;
			buildSettings = {
				ALWAYS_EMBED_SWIFT_STANDARD_LIBRARIES = YES;
				CODE_SIGN_STYLE = Automatic;
				CURRENT_PROJECT_VERSION = 1;
				GENERATE_INFOPLIST_FILE = YES;
				MARKETING_VERSION = 1.0;
				PRODUCT_BUNDLE_IDENTIFIER = HANSEOL.DepressionProjectAppUITests;
				PRODUCT_NAME = "$(TARGET_NAME)";
				SWIFT_EMIT_LOC_STRINGS = NO;
				SWIFT_VERSION = 5.0;
				TARGETED_DEVICE_FAMILY = "1,2";
				TEST_TARGET_NAME = DepressionProjectApp;
			};
			name = Release;
		};
/* End XCBuildConfiguration section */

/* Begin XCConfigurationList section */
		A445FF7A2BFE5D120035CF6E /* Build configuration list for PBXProject "DepressionProjectApp" */ = {
			isa = XCConfigurationList;
			buildConfigurations = (
				A445FFA62BFE5D130035CF6E /* Debug */,
				A445FFA72BFE5D130035CF6E /* Release */,
			);
			defaultConfigurationIsVisible = 0;
			defaultConfigurationName = Release;
		};
		A445FFA82BFE5D130035CF6E /* Build configuration list for PBXNativeTarget "DepressionProjectApp" */ = {
			isa = XCConfigurationList;
			buildConfigurations = (
				A445FFA92BFE5D130035CF6E /* Debug */,
				A445FFAA2BFE5D130035CF6E /* Release */,
			);
			defaultConfigurationIsVisible = 0;
			defaultConfigurationName = Release;
		};
		A445FFAB2BFE5D130035CF6E /* Build configuration list for PBXNativeTarget "DepressionProjectAppTests" */ = {
			isa = XCConfigurationList;
			buildConfigurations = (
				A445FFAC2BFE5D130035CF6E /* Debug */,
				A445FFAD2BFE5D130035CF6E /* Release */,
			);
			defaultConfigurationIsVisible = 0;
			defaultConfigurationName = Release;
		};
		A445FFAE2BFE5D130035CF6E /* Build configuration list for PBXNativeTarget "DepressionProjectAppUITests" */ = {
			isa = XCConfigurationList;
			buildConfigurations = (
				A445FFAF2BFE5D130035CF6E /* Debug */,
				A445FFB02BFE5D130035CF6E /* Release */,
			);
			defaultConfigurationIsVisible = 0;
			defaultConfigurationName = Release;
		};
/* End XCConfigurationList section */

/* Begin XCVersionGroup section */
		A445FF8D2BFE5D130035CF6E /* DepressionProjectApp.xcdatamodeld */ = {
			isa = XCVersionGroup;
			children = (
				A445FF8E2BFE5D130035CF6E /* DepressionProjectApp.xcdatamodel */,
			);
			currentVersion = A445FF8E2BFE5D130035CF6E /* DepressionProjectApp.xcdatamodel */;
			path = DepressionProjectApp.xcdatamodeld;
			sourceTree = "<group>";
			versionGroupType = wrapper.xcdatamodel;
		};
/* End XCVersionGroup section */
	};
	rootObject = A445FF772BFE5D120035CF6E /* Project object */;
}
